
Microsoft Visual Studio Solution File, Format Version 12.00
# Visual Studio Version 17
VisualStudioVersion = 17.5.33530.505
MinimumVisualStudioVersion = 10.0.40219.1
Project("{9A19103F-16F7-4668-BE54-9A1E7A4F7556}") = "RabbitMqApps.publisher", "RabbitMqApps.publisher\RabbitMqApps.publisher.csproj", "{64A21A77-8AB8-436A-B6A3-3EFD99D73812}"
EndProject
Project("{9A19103F-16F7-4668-BE54-9A1E7A4F7556}") = "RabbitMqApps.subscriber", "RabbitMqApps.subscriber\RabbitMqApps.subscriber.csproj", "{6896DEBD-2974-41F7-851D-8A5DAAECB7E4}"
EndProject
Project("{9A19103F-16F7-4668-BE54-9A1E7A4F7556}") = "RabbitMqApps.WatermarkApp", "RabbitMqApps.WatermarkApp\RabbitMqApps.WatermarkApp.csproj", "{8CFBD6ED-0128-4AD4-9854-5011071AE873}"
EndProject
Project("{FAE04EC0-301F-11D3-BF4B-00C04F79EFBC}") = "RabbitMqApps.CreateExcelApp", "RabbitMqApps.CreateExcelApp\RabbitMqApps.CreateExcelApp.csproj", "{7EF83E4D-DC58-4A69-A89F-58203A458BC3}"
EndProject
Global
	GlobalSection(SolutionConfigurationPlatforms) = preSolution
		Debug|Any CPU = Debug|Any CPU
		Release|Any CPU = Release|Any CPU
	EndGlobalSection
	GlobalSection(ProjectConfigurationPlatforms) = postSolution
		{64A21A77-8AB8-436A-B6A3-3EFD99D73812}.Debug|Any CPU.ActiveCfg = Debug|Any CPU
		{64A21A77-8AB8-436A-B6A3-3EFD99D73812}.Debug|Any CPU.Build.0 = Debug|Any CPU
		{64A21A77-8AB8-436A-B6A3-3EFD99D73812}.Release|Any CPU.ActiveCfg = Release|Any CPU
		{64A21A77-8AB8-436A-B6A3-3EFD99D73812}.Release|Any CPU.Build.0 = Release|Any CPU
		{6896DEBD-2974-41F7-851D-8A5DAAECB7E4}.Debug|Any CPU.ActiveCfg = Debug|Any CPU
		{6896DEBD-2974-41F7-851D-8A5DAAECB7E4}.Debug|Any CPU.Build.0 = Debug|Any CPU
		{6896DEBD-2974-41F7-851D-8A5DAAECB7E4}.Release|Any CPU.ActiveCfg = Release|Any CPU
		{6896DEBD-2974-41F7-851D-8A5DAAECB7E4}.Release|Any CPU.Build.0 = Release|Any CPU
		{8CFBD6ED-0128-4AD4-9854-5011071AE873}.Debug|Any CPU.ActiveCfg = Debug|Any CPU
		{8CFBD6ED-0128-4AD4-9854-5011071AE873}.Debug|Any CPU.Build.0 = Debug|Any CPU
		{8CFBD6ED-0128-4AD4-9854-5011071AE873}.Release|Any CPU.ActiveCfg = Release|Any CPU
		{8CFBD6ED-0128-4AD4-9854-5011071AE873}.Release|Any CPU.Build.0 = Release|Any CPU
		{7EF83E4D-DC58-4A69-A89F-58203A458BC3}.Debug|Any CPU.ActiveCfg = Debug|Any CPU
		{7EF83E4D-DC58-4A69-A89F-58203A458BC3}.Debug|Any CPU.Build.0 = Debug|Any CPU
		{7EF83E4D-DC58-4A69-A89F-58203A458BC3}.Release|Any CPU.ActiveCfg = Release|Any CPU
		{7EF83E4D-DC58-4A69-A89F-58203A458BC3}.Release|Any CPU.Build.0 = Release|Any CPU
	EndGlobalSection
	GlobalSection(SolutionProperties) = preSolution
		HideSolutionNode = FALSE
	EndGlobalSection
	GlobalSection(ExtensibilityGlobals) = postSolution
		SolutionGuid = {4CD12636-B2C4-4048-8991-72EA598BBF30}
	EndGlobalSection
EndGlobal
